
Microsoft Visual Studio Solution File, Format Version 12.00
# Visual Studio Version 16
VisualStudioVersion = 16.0.31702.278
MinimumVisualStudioVersion = 10.0.40219.1
Project("{FAE04EC0-301F-11D3-BF4B-00C04F79EFBC}") = "5.gyak_wyaprm", "5.gyak_wyaprm\5.gyak_wyaprm.csproj", "{58946C25-C468-4E0E-926A-C5ECC7DC5B22}"
EndProject
Global
	GlobalSection(SolutionConfigurationPlatforms) = preSolution
		Debug|Any CPU = Debug|Any CPU
		Release|Any CPU = Release|Any CPU
	EndGlobalSection
	GlobalSection(ProjectConfigurationPlatforms) = postSolution
		{58946C25-C468-4E0E-926A-C5ECC7DC5B22}.Debug|Any CPU.ActiveCfg = Debug|Any CPU
		{58946C25-C468-4E0E-926A-C5ECC7DC5B22}.Debug|Any CPU.Build.0 = Debug|Any CPU
		{58946C25-C468-4E0E-926A-C5ECC7DC5B22}.Release|Any CPU.ActiveCfg = Release|Any CPU
		{58946C25-C468-4E0E-926A-C5ECC7DC5B22}.Release|Any CPU.Build.0 = Release|Any CPU
	EndGlobalSection
	GlobalSection(SolutionProperties) = preSolution
		HideSolutionNode = FALSE
	EndGlobalSection
	GlobalSection(ExtensibilityGlobals) = postSolution
		SolutionGuid = {C4CC7840-1683-4810-AD5B-D535558DAD38}
	EndGlobalSection
EndGlobal
