
Microsoft Visual Studio Solution File, Format Version 12.00
# Visual Studio Version 16
VisualStudioVersion = 16.0.31702.278
MinimumVisualStudioVersion = 10.0.40219.1
Project("{FAE04EC0-301F-11D3-BF4B-00C04F79EFBC}") = "zh_gyakorlas_4", "zh_gyakorlas_4\zh_gyakorlas_4.csproj", "{09840052-4BBC-4F4E-85C8-7459766B307C}"
EndProject
Global
	GlobalSection(SolutionConfigurationPlatforms) = preSolution
		Debug|Any CPU = Debug|Any CPU
		Release|Any CPU = Release|Any CPU
	EndGlobalSection
	GlobalSection(ProjectConfigurationPlatforms) = postSolution
		{09840052-4BBC-4F4E-85C8-7459766B307C}.Debug|Any CPU.ActiveCfg = Debug|Any CPU
		{09840052-4BBC-4F4E-85C8-7459766B307C}.Debug|Any CPU.Build.0 = Debug|Any CPU
		{09840052-4BBC-4F4E-85C8-7459766B307C}.Release|Any CPU.ActiveCfg = Release|Any CPU
		{09840052-4BBC-4F4E-85C8-7459766B307C}.Release|Any CPU.Build.0 = Release|Any CPU
	EndGlobalSection
	GlobalSection(SolutionProperties) = preSolution
		HideSolutionNode = FALSE
	EndGlobalSection
	GlobalSection(ExtensibilityGlobals) = postSolution
		SolutionGuid = {1F0E72E2-0A8A-4712-9039-401BAACA2CC0}
	EndGlobalSection
EndGlobal
